
Microsoft Visual Studio Solution File, Format Version 12.00
# Visual Studio 15
VisualStudioVersion = 15.0.26730.16
MinimumVisualStudioVersion = 10.0.40219.1
Project("{FAE04EC0-301F-11D3-BF4B-00C04F79EFBC}") = "OOPInheritance", "OOPInheritance\OOPInheritance.csproj", "{167DEAE1-F8E0-4B28-A44C-3D32F2BAC51C}"
EndProject
Project("{FAE04EC0-301F-11D3-BF4B-00C04F79EFBC}") = "BookShop", "BookShop\BookShop.csproj", "{C14D496A-B9CC-4E5C-A822-DC7C096F1D6C}"
EndProject
Project("{FAE04EC0-301F-11D3-BF4B-00C04F79EFBC}") = "Mankind", "Mankind\Mankind.csproj", "{50F84CD6-0D8B-4244-95C8-924AF6933351}"
EndProject
Global
	GlobalSection(SolutionConfigurationPlatforms) = preSolution
		Debug|Any CPU = Debug|Any CPU
		Release|Any CPU = Release|Any CPU
	EndGlobalSection
	GlobalSection(ProjectConfigurationPlatforms) = postSolution
		{167DEAE1-F8E0-4B28-A44C-3D32F2BAC51C}.Debug|Any CPU.ActiveCfg = Debug|Any CPU
		{167DEAE1-F8E0-4B28-A44C-3D32F2BAC51C}.Debug|Any CPU.Build.0 = Debug|Any CPU
		{167DEAE1-F8E0-4B28-A44C-3D32F2BAC51C}.Release|Any CPU.ActiveCfg = Release|Any CPU
		{167DEAE1-F8E0-4B28-A44C-3D32F2BAC51C}.Release|Any CPU.Build.0 = Release|Any CPU
		{C14D496A-B9CC-4E5C-A822-DC7C096F1D6C}.Debug|Any CPU.ActiveCfg = Debug|Any CPU
		{C14D496A-B9CC-4E5C-A822-DC7C096F1D6C}.Debug|Any CPU.Build.0 = Debug|Any CPU
		{C14D496A-B9CC-4E5C-A822-DC7C096F1D6C}.Release|Any CPU.ActiveCfg = Release|Any CPU
		{C14D496A-B9CC-4E5C-A822-DC7C096F1D6C}.Release|Any CPU.Build.0 = Release|Any CPU
		{50F84CD6-0D8B-4244-95C8-924AF6933351}.Debug|Any CPU.ActiveCfg = Debug|Any CPU
		{50F84CD6-0D8B-4244-95C8-924AF6933351}.Debug|Any CPU.Build.0 = Debug|Any CPU
		{50F84CD6-0D8B-4244-95C8-924AF6933351}.Release|Any CPU.ActiveCfg = Release|Any CPU
		{50F84CD6-0D8B-4244-95C8-924AF6933351}.Release|Any CPU.Build.0 = Release|Any CPU
	EndGlobalSection
	GlobalSection(SolutionProperties) = preSolution
		HideSolutionNode = FALSE
	EndGlobalSection
	GlobalSection(ExtensibilityGlobals) = postSolution
		SolutionGuid = {98FCEB48-D21D-40E8-8746-FC35226AB708}
	EndGlobalSection
EndGlobal
