
Microsoft Visual Studio Solution File, Format Version 12.00
# Visual Studio 15
VisualStudioVersion = 15.0.27004.2006
MinimumVisualStudioVersion = 10.0.40219.1
Project("{FAE04EC0-301F-11D3-BF4B-00C04F79EFBC}") = "Cars.App", "Cars.App\Cars.App.csproj", "{61082C46-E263-4897-A2B5-8FEBB35743A8}"
EndProject
Project("{FAE04EC0-301F-11D3-BF4B-00C04F79EFBC}") = "Cars.Data", "Cars.Data\Cars.Data.csproj", "{60E90967-44CD-4160-B674-F83B78B94B02}"
EndProject
Global
	GlobalSection(SolutionConfigurationPlatforms) = preSolution
		Debug|Any CPU = Debug|Any CPU
		Release|Any CPU = Release|Any CPU
	EndGlobalSection
	GlobalSection(ProjectConfigurationPlatforms) = postSolution
		{61082C46-E263-4897-A2B5-8FEBB35743A8}.Debug|Any CPU.ActiveCfg = Debug|Any CPU
		{61082C46-E263-4897-A2B5-8FEBB35743A8}.Debug|Any CPU.Build.0 = Debug|Any CPU
		{61082C46-E263-4897-A2B5-8FEBB35743A8}.Release|Any CPU.ActiveCfg = Release|Any CPU
		{61082C46-E263-4897-A2B5-8FEBB35743A8}.Release|Any CPU.Build.0 = Release|Any CPU
		{60E90967-44CD-4160-B674-F83B78B94B02}.Debug|Any CPU.ActiveCfg = Debug|Any CPU
		{60E90967-44CD-4160-B674-F83B78B94B02}.Debug|Any CPU.Build.0 = Debug|Any CPU
		{60E90967-44CD-4160-B674-F83B78B94B02}.Release|Any CPU.ActiveCfg = Release|Any CPU
		{60E90967-44CD-4160-B674-F83B78B94B02}.Release|Any CPU.Build.0 = Release|Any CPU
	EndGlobalSection
	GlobalSection(SolutionProperties) = preSolution
		HideSolutionNode = FALSE
	EndGlobalSection
	GlobalSection(ExtensibilityGlobals) = postSolution
		SolutionGuid = {0507CD4D-A9C3-499E-B97C-320C9F080C23}
	EndGlobalSection
EndGlobal
