
Microsoft Visual Studio Solution File, Format Version 12.00
# Visual Studio 15
VisualStudioVersion = 15.0.27004.2009
MinimumVisualStudioVersion = 10.0.40219.1
Project("{FAE04EC0-301F-11D3-BF4B-00C04F79EFBC}") = "BusTicketSystem.Client", "BusTicketSystem.Client\BusTicketSystem.Client.csproj", "{A5D52E53-046D-41D1-8B2C-0B388578B7A5}"
EndProject
Project("{FAE04EC0-301F-11D3-BF4B-00C04F79EFBC}") = "BusTicketSystem.Data", "BusTicketSystem.Data\BusTicketSystem.Data.csproj", "{B43944F9-0053-4715-A5DE-8ACDCF4094F7}"
EndProject
Project("{FAE04EC0-301F-11D3-BF4B-00C04F79EFBC}") = "BusTicketSystem.Models", "BusTicketSystem.Models\BusTicketSystem.Models.csproj", "{1FDF7B83-A5BD-432C-8806-1F807E396A5B}"
EndProject
Project("{FAE04EC0-301F-11D3-BF4B-00C04F79EFBC}") = "BusTicketSystem.Services", "BusTicketSystem.Services\BusTicketSystem.Services.csproj", "{A7B287C5-AC71-4C7E-8F03-161DE3AF4EF5}"
EndProject
Global
	GlobalSection(SolutionConfigurationPlatforms) = preSolution
		Debug|Any CPU = Debug|Any CPU
		Release|Any CPU = Release|Any CPU
	EndGlobalSection
	GlobalSection(ProjectConfigurationPlatforms) = postSolution
		{A5D52E53-046D-41D1-8B2C-0B388578B7A5}.Debug|Any CPU.ActiveCfg = Debug|Any CPU
		{A5D52E53-046D-41D1-8B2C-0B388578B7A5}.Debug|Any CPU.Build.0 = Debug|Any CPU
		{A5D52E53-046D-41D1-8B2C-0B388578B7A5}.Release|Any CPU.ActiveCfg = Release|Any CPU
		{A5D52E53-046D-41D1-8B2C-0B388578B7A5}.Release|Any CPU.Build.0 = Release|Any CPU
		{B43944F9-0053-4715-A5DE-8ACDCF4094F7}.Debug|Any CPU.ActiveCfg = Debug|Any CPU
		{B43944F9-0053-4715-A5DE-8ACDCF4094F7}.Debug|Any CPU.Build.0 = Debug|Any CPU
		{B43944F9-0053-4715-A5DE-8ACDCF4094F7}.Release|Any CPU.ActiveCfg = Release|Any CPU
		{B43944F9-0053-4715-A5DE-8ACDCF4094F7}.Release|Any CPU.Build.0 = Release|Any CPU
		{1FDF7B83-A5BD-432C-8806-1F807E396A5B}.Debug|Any CPU.ActiveCfg = Debug|Any CPU
		{1FDF7B83-A5BD-432C-8806-1F807E396A5B}.Debug|Any CPU.Build.0 = Debug|Any CPU
		{1FDF7B83-A5BD-432C-8806-1F807E396A5B}.Release|Any CPU.ActiveCfg = Release|Any CPU
		{1FDF7B83-A5BD-432C-8806-1F807E396A5B}.Release|Any CPU.Build.0 = Release|Any CPU
		{A7B287C5-AC71-4C7E-8F03-161DE3AF4EF5}.Debug|Any CPU.ActiveCfg = Debug|Any CPU
		{A7B287C5-AC71-4C7E-8F03-161DE3AF4EF5}.Debug|Any CPU.Build.0 = Debug|Any CPU
		{A7B287C5-AC71-4C7E-8F03-161DE3AF4EF5}.Release|Any CPU.ActiveCfg = Release|Any CPU
		{A7B287C5-AC71-4C7E-8F03-161DE3AF4EF5}.Release|Any CPU.Build.0 = Release|Any CPU
	EndGlobalSection
	GlobalSection(SolutionProperties) = preSolution
		HideSolutionNode = FALSE
	EndGlobalSection
	GlobalSection(ExtensibilityGlobals) = postSolution
		SolutionGuid = {2F8A2DE1-0180-4957-BC63-240252C4757C}
	EndGlobalSection
EndGlobal
